
Microsoft Visual Studio Solution File, Format Version 12.00
# Visual Studio Version 17
VisualStudioVersion = 17.4.33122.133
MinimumVisualStudioVersion = 10.0.40219.1
Project("{8BC9CEB8-8B4A-11D0-8D11-00A0C91BC942}") = "FilmGUI", "FilmGUI.vcxproj", "{68DBA234-10C5-4F97-BC0D-7F9B864E283C}"
EndProject
Global
	GlobalSection(SolutionConfigurationPlatforms) = preSolution
		Debug|x64 = Debug|x64
		Debug|x86 = Debug|x86
		Release|x64 = Release|x64
		Release|x86 = Release|x86
	EndGlobalSection
	GlobalSection(ProjectConfigurationPlatforms) = postSolution
		{68DBA234-10C5-4F97-BC0D-7F9B864E283C}.Debug|x64.ActiveCfg = Debug|x64
		{68DBA234-10C5-4F97-BC0D-7F9B864E283C}.Debug|x64.Build.0 = Debug|x64
		{68DBA234-10C5-4F97-BC0D-7F9B864E283C}.Debug|x86.ActiveCfg = Debug|Win32
		{68DBA234-10C5-4F97-BC0D-7F9B864E283C}.Debug|x86.Build.0 = Debug|Win32
		{68DBA234-10C5-4F97-BC0D-7F9B864E283C}.Release|x64.ActiveCfg = Release|x64
		{68DBA234-10C5-4F97-BC0D-7F9B864E283C}.Release|x64.Build.0 = Release|x64
		{68DBA234-10C5-4F97-BC0D-7F9B864E283C}.Release|x86.ActiveCfg = Release|Win32
		{68DBA234-10C5-4F97-BC0D-7F9B864E283C}.Release|x86.Build.0 = Release|Win32
	EndGlobalSection
	GlobalSection(SolutionProperties) = preSolution
		HideSolutionNode = FALSE
	EndGlobalSection
	GlobalSection(ExtensibilityGlobals) = postSolution
		SolutionGuid = {66029AA3-160A-46BB-8267-B293717199A5}
	EndGlobalSection
EndGlobal
